// !$*UTF8*$!
{
	archiveVersion = 1;
	classes = {
	};
	objectVersion = 77;
	objects = {

/* Begin PBXContainerItemProxy section */
		80BE34662DC94B780052B7A0 /* PBXContainerItemProxy */ = {
			isa = PBXContainerItemProxy;
			containerPortal = 80BE34502DC94B760052B7A0 /* Project object */;
			proxyType = 1;
			remoteGlobalIDString = 80BE34572DC94B760052B7A0;
			remoteInfo = LetterboxdDesignIdea;
		};
		80BE34702DC94B780052B7A0 /* PBXContainerItemProxy */ = {
			isa = PBXContainerItemProxy;
			containerPortal = 80BE34502DC94B760052B7A0 /* Project object */;
			proxyType = 1;
			remoteGlobalIDString = 80BE34572DC94B760052B7A0;
			remoteInfo = LetterboxdDesignIdea;
		};
/* End PBXContainerItemProxy section */

/* Begin PBXFileReference section */
		80BE34582DC94B760052B7A0 /* LetterboxdDesignIdea.app */ = {isa = PBXFileReference; explicitFileType = wrapper.application; includeInIndex = 0; path = LetterboxdDesignIdea.app; sourceTree = BUILT_PRODUCTS_DIR; };
		80BE34652DC94B780052B7A0 /* LetterboxdDesignIdeaTests.xctest */ = {isa = PBXFileReference; explicitFileType = wrapper.cfbundle; includeInIndex = 0; path = LetterboxdDesignIdeaTests.xctest; sourceTree = BUILT_PRODUCTS_DIR; };
		80BE346F2DC94B780052B7A0 /* LetterboxdDesignIdeaUITests.xctest */ = {isa = PBXFileReference; explicitFileType = wrapper.cfbundle; includeInIndex = 0; path = LetterboxdDesignIdeaUITests.xctest; sourceTree = BUILT_PRODUCTS_DIR; };
/* End PBXFileReference section */

/* Begin PBXFileSystemSynchronizedRootGroup section */
		80BE345A2DC94B760052B7A0 /* LetterboxdDesignIdea */ = {
			isa = PBXFileSystemSynchronizedRootGroup;
			path = LetterboxdDesignIdea;
			sourceTree = "<group>";
		};
		80BE34682DC94B780052B7A0 /* LetterboxdDesignIdeaTests */ = {
			isa = PBXFileSystemSynchronizedRootGroup;
			path = LetterboxdDesignIdeaTests;
			sourceTree = "<group>";
		};
		80BE34722DC94B780052B7A0 /* LetterboxdDesignIdeaUITests */ = {
			isa = PBXFileSystemSynchronizedRootGroup;
			path = LetterboxdDesignIdeaUITests;
			sourceTree = "<group>";
		};
/* End PBXFileSystemSynchronizedRootGroup section */

/* Begin PBXFrameworksBuildPhase section */
		80BE34552DC94B760052B7A0 /* Frameworks */ = {
			isa = PBXFrameworksBuildPhase;
			buildActionMask = 2147483647;
			files = (
			);
			runOnlyForDeploymentPostprocessing = 0;
		};
		80BE34622DC94B780052B7A0 /* Frameworks */ = {
			isa = PBXFrameworksBuildPhase;
			buildActionMask = 2147483647;
			files = (
			);
			runOnlyForDeploymentPostprocessing = 0;
		};
		80BE346C2DC94B780052B7A0 /* Frameworks */ = {
			isa = PBXFrameworksBuildPhase;
			buildActionMask = 2147483647;
			files = (
			);
			runOnlyForDeploymentPostprocessing = 0;
		};
/* End PBXFrameworksBuildPhase section */

/* Begin PBXGroup section */
		80BE344F2DC94B760052B7A0 = {
			isa = PBXGroup;
			children = (
				80BE345A2DC94B760052B7A0 /* LetterboxdDesignIdea */,
				80BE34682DC94B780052B7A0 /* LetterboxdDesignIdeaTests */,
				80BE34722DC94B780052B7A0 /* LetterboxdDesignIdeaUITests */,
				80BE34592DC94B760052B7A0 /* Products */,
			);
			sourceTree = "<group>";
		};
		80BE34592DC94B760052B7A0 /* Products */ = {
			isa = PBXGroup;
			children = (
				80BE34582DC94B760052B7A0 /* LetterboxdDesignIdea.app */,
				80BE34652DC94B780052B7A0 /* LetterboxdDesignIdeaTests.xctest */,
				80BE346F2DC94B780052B7A0 /* LetterboxdDesignIdeaUITests.xctest */,
			);
			name = Products;
			sourceTree = "<group>";
		};
/* End PBXGroup section */

/* Begin PBXNativeTarget section */
		80BE34572DC94B760052B7A0 /* LetterboxdDesignIdea */ = {
			isa = PBXNativeTarget;
			buildConfigurationList = 80BE34792DC94B780052B7A0 /* Build configuration list for PBXNativeTarget "LetterboxdDesignIdea" */;
			buildPhases = (
				80BE34542DC94B760052B7A0 /* Sources */,
				80BE34552DC94B760052B7A0 /* Frameworks */,
				80BE34562DC94B760052B7A0 /* Resources */,
			);
			buildRules = (
			);
			dependencies = (
			);
			fileSystemSynchronizedGroups = (
				80BE345A2DC94B760052B7A0 /* LetterboxdDesignIdea */,
			);
			name = LetterboxdDesignIdea;
			packageProductDependencies = (
			);
			productName = LetterboxdDesignIdea;
			productReference = 80BE34582DC94B760052B7A0 /* LetterboxdDesignIdea.app */;
			productType = "com.apple.product-type.application";
		};
		80BE34642DC94B780052B7A0 /* LetterboxdDesignIdeaTests */ = {
			isa = PBXNativeTarget;
			buildConfigurationList = 80BE347C2DC94B780052B7A0 /* Build configuration list for PBXNativeTarget "LetterboxdDesignIdeaTests" */;
			buildPhases = (
				80BE34612DC94B780052B7A0 /* Sources */,
				80BE34622DC94B780052B7A0 /* Frameworks */,
				80BE34632DC94B780052B7A0 /* Resources */,
			);
			buildRules = (
			);
			dependencies = (
				80BE34672DC94B780052B7A0 /* PBXTargetDependency */,
			);
			fileSystemSynchronizedGroups = (
				80BE34682DC94B780052B7A0 /* LetterboxdDesignIdeaTests */,
			);
			name = LetterboxdDesignIdeaTests;
			packageProductDependencies = (
			);
			productName = LetterboxdDesignIdeaTests;
			productReference = 80BE34652DC94B780052B7A0 /* LetterboxdDesignIdeaTests.xctest */;
			productType = "com.apple.product-type.bundle.unit-test";
		};
		80BE346E2DC94B780052B7A0 /* LetterboxdDesignIdeaUITests */ = {
			isa = PBXNativeTarget;
			buildConfigurationList = 80BE347F2DC94B780052B7A0 /* Build configuration list for PBXNativeTarget "LetterboxdDesignIdeaUITests" */;
			buildPhases = (
				80BE346B2DC94B780052B7A0 /* Sources */,
				80BE346C2DC94B780052B7A0 /* Frameworks */,
				80BE346D2DC94B780052B7A0 /* Resources */,
			);
			buildRules = (
			);
			dependencies = (
				80BE34712DC94B780052B7A0 /* PBXTargetDependency */,
			);
			fileSystemSynchronizedGroups = (
				80BE34722DC94B780052B7A0 /* LetterboxdDesignIdeaUITests */,
			);
			name = LetterboxdDesignIdeaUITests;
			packageProductDependencies = (
			);
			productName = LetterboxdDesignIdeaUITests;
			productReference = 80BE346F2DC94B780052B7A0 /* LetterboxdDesignIdeaUITests.xctest */;
			productType = "com.apple.product-type.bundle.ui-testing";
		};
/* End PBXNativeTarget section */

/* Begin PBXProject section */
		80BE34502DC94B760052B7A0 /* Project object */ = {
			isa = PBXProject;
			attributes = {
				BuildIndependentTargetsInParallel = 1;
				LastSwiftUpdateCheck = 1630;
				LastUpgradeCheck = 1630;
				TargetAttributes = {
					80BE34572DC94B760052B7A0 = {
						CreatedOnToolsVersion = 16.3;
					};
					80BE34642DC94B780052B7A0 = {
						CreatedOnToolsVersion = 16.3;
						TestTargetID = 80BE34572DC94B760052B7A0;
					};
					80BE346E2DC94B780052B7A0 = {
						CreatedOnToolsVersion = 16.3;
						TestTargetID = 80BE34572DC94B760052B7A0;
					};
				};
			};
			buildConfigurationList = 80BE34532DC94B760052B7A0 /* Build configuration list for PBXProject "LetterboxdDesignIdea" */;
			developmentRegion = en;
			hasScannedForEncodings = 0;
			knownRegions = (
				en,
				Base,
			);
			mainGroup = 80BE344F2DC94B760052B7A0;
			minimizedProjectReferenceProxies = 1;
			preferredProjectObjectVersion = 77;
			productRefGroup = 80BE34592DC94B760052B7A0 /* Products */;
			projectDirPath = "";
			projectRoot = "";
			targets = (
				80BE34572DC94B760052B7A0 /* LetterboxdDesignIdea */,
				80BE34642DC94B780052B7A0 /* LetterboxdDesignIdeaTests */,
				80BE346E2DC94B780052B7A0 /* LetterboxdDesignIdeaUITests */,
			);
		};
/* End PBXProject section */

/* Begin PBXResourcesBuildPhase section */
		80BE34562DC94B760052B7A0 /* Resources */ = {
			isa = PBXResourcesBuildPhase;
			buildActionMask = 2147483647;
			files = (
			);
			runOnlyForDeploymentPostprocessing = 0;
		};
		80BE34632DC94B780052B7A0 /* Resources */ = {
			isa = PBXResourcesBuildPhase;
			buildActionMask = 2147483647;
			files = (
			);
			runOnlyForDeploymentPostprocessing = 0;
		};
		80BE346D2DC94B780052B7A0 /* Resources */ = {
			isa = PBXResourcesBuildPhase;
			buildActionMask = 2147483647;
			files = (
			);
			runOnlyForDeploymentPostprocessing = 0;
		};
/* End PBXResourcesBuildPhase section */

/* Begin PBXSourcesBuildPhase section */
		80BE34542DC94B760052B7A0 /* Sources */ = {
			isa = PBXSourcesBuildPhase;
			buildActionMask = 2147483647;
			files = (
			);
			runOnlyForDeploymentPostprocessing = 0;
		};
		80BE34612DC94B780052B7A0 /* Sources */ = {
			isa = PBXSourcesBuildPhase;
			buildActionMask = 2147483647;
			files = (
			);
			runOnlyForDeploymentPostprocessing = 0;
		};
		80BE346B2DC94B780052B7A0 /* Sources */ = {
			isa = PBXSourcesBuildPhase;
			buildActionMask = 2147483647;
			files = (
			);
			runOnlyForDeploymentPostprocessing = 0;
		};
/* End PBXSourcesBuildPhase section */

/* Begin PBXTargetDependency section */
		80BE34672DC94B780052B7A0 /* PBXTargetDependency */ = {
			isa = PBXTargetDependency;
			target = 80BE34572DC94B760052B7A0 /* LetterboxdDesignIdea */;
			targetProxy = 80BE34662DC94B780052B7A0 /* PBXContainerItemProxy */;
		};
		80BE34712DC94B780052B7A0 /* PBXTargetDependency */ = {
			isa = PBXTargetDependency;
			target = 80BE34572DC94B760052B7A0 /* LetterboxdDesignIdea */;
			targetProxy = 80BE34702DC94B780052B7A0 /* PBXContainerItemProxy */;
		};
/* End PBXTargetDependency section */

/* Begin XCBuildConfiguration section */
		80BE34772DC94B780052B7A0 /* Debug */ = {
			isa = XCBuildConfiguration;
			buildSettings = {
				ALWAYS_SEARCH_USER_PATHS = NO;
				ASSETCATALOG_COMPILER_GENERATE_SWIFT_ASSET_SYMBOL_EXTENSIONS = YES;
				CLANG_ANALYZER_NONNULL = YES;
				CLANG_ANALYZER_NUMBER_OBJECT_CONVERSION = YES_AGGRESSIVE;
				CLANG_CXX_LANGUAGE_STANDARD = "gnu++20";
				CLANG_ENABLE_MODULES = YES;
				CLANG_ENABLE_OBJC_ARC = YES;
				CLANG_ENABLE_OBJC_WEAK = YES;
				CLANG_WARN_BLOCK_CAPTURE_AUTORELEASING = YES;
				CLANG_WARN_BOOL_CONVERSION = YES;
				CLANG_WARN_COMMA = YES;
				CLANG_WARN_CONSTANT_CONVERSION = YES;
				CLANG_WARN_DEPRECATED_OBJC_IMPLEMENTATIONS = YES;
				CLANG_WARN_DIRECT_OBJC_ISA_USAGE = YES_ERROR;
				CLANG_WARN_DOCUMENTATION_COMMENTS = YES;
				CLANG_WARN_EMPTY_BODY = YES;
				CLANG_WARN_ENUM_CONVERSION = YES;
				CLANG_WARN_INFINITE_RECURSION = YES;
				CLANG_WARN_INT_CONVERSION = YES;
				CLANG_WARN_NON_LITERAL_NULL_CONVERSION = YES;
				CLANG_WARN_OBJC_IMPLICIT_RETAIN_SELF = YES;
				CLANG_WARN_OBJC_LITERAL_CONVERSION = YES;
				CLANG_WARN_OBJC_ROOT_CLASS = YES_ERROR;
				CLANG_WARN_QUOTED_INCLUDE_IN_FRAMEWORK_HEADER = YES;
				CLANG_WARN_RANGE_LOOP_ANALYSIS = YES;
				CLANG_WARN_STRICT_PROTOTYPES = YES;
				CLANG_WARN_SUSPICIOUS_MOVE = YES;
				CLANG_WARN_UNGUARDED_AVAILABILITY = YES_AGGRESSIVE;
				CLANG_WARN_UNREACHABLE_CODE = YES;
				CLANG_WARN__DUPLICATE_METHOD_MATCH = YES;
				COPY_PHASE_STRIP = NO;
				DEBUG_INFORMATION_FORMAT = dwarf;
				ENABLE_STRICT_OBJC_MSGSEND = YES;
				ENABLE_TESTABILITY = YES;
				ENABLE_USER_SCRIPT_SANDBOXING = YES;
				GCC_C_LANGUAGE_STANDARD = gnu17;
				GCC_DYNAMIC_NO_PIC = NO;
				GCC_NO_COMMON_BLOCKS = YES;
				GCC_OPTIMIZATION_LEVEL = 0;
				GCC_PREPROCESSOR_DEFINITIONS = (
					"DEBUG=1",
					"$(inherited)",
				);
				GCC_WARN_64_TO_32_BIT_CONVERSION = YES;
				GCC_WARN_ABOUT_RETURN_TYPE = YES_ERROR;
				GCC_WARN_UNDECLARED_SELECTOR = YES;
				GCC_WARN_UNINITIALIZED_AUTOS = YES_AGGRESSIVE;
				GCC_WARN_UNUSED_FUNCTION = YES;
				GCC_WARN_UNUSED_VARIABLE = YES;
				IPHONEOS_DEPLOYMENT_TARGET = 18.4;
				LOCALIZATION_PREFERS_STRING_CATALOGS = YES;
				MTL_ENABLE_DEBUG_INFO = INCLUDE_SOURCE;
				MTL_FAST_MATH = YES;
				ONLY_ACTIVE_ARCH = YES;
				SDKROOT = iphoneos;
				SWIFT_ACTIVE_COMPILATION_CONDITIONS = "DEBUG $(inherited)";
				SWIFT_OPTIMIZATION_LEVEL = "-Onone";
			};
			name = Debug;
		};
		80BE34782DC94B780052B7A0 /* Release */ = {
			isa = XCBuildConfiguration;
			buildSettings = {
				ALWAYS_SEARCH_USER_PATHS = NO;
				ASSETCATALOG_COMPILER_GENERATE_SWIFT_ASSET_SYMBOL_EXTENSIONS = YES;
				CLANG_ANALYZER_NONNULL = YES;
				CLANG_ANALYZER_NUMBER_OBJECT_CONVERSION = YES_AGGRESSIVE;
				CLANG_CXX_LANGUAGE_STANDARD = "gnu++20";
				CLANG_ENABLE_MODULES = YES;
				CLANG_ENABLE_OBJC_ARC = YES;
				CLANG_ENABLE_OBJC_WEAK = YES;
				CLANG_WARN_BLOCK_CAPTURE_AUTORELEASING = YES;
				CLANG_WARN_BOOL_CONVERSION = YES;
				CLANG_WARN_COMMA = YES;
				CLANG_WARN_CONSTANT_CONVERSION = YES;
				CLANG_WARN_DEPRECATED_OBJC_IMPLEMENTATIONS = YES;
				CLANG_WARN_DIRECT_OBJC_ISA_USAGE = YES_ERROR;
				CLANG_WARN_DOCUMENTATION_COMMENTS = YES;
				CLANG_WARN_EMPTY_BODY = YES;
				CLANG_WARN_ENUM_CONVERSION = YES;
				CLANG_WARN_INFINITE_RECURSION = YES;
				CLANG_WARN_INT_CONVERSION = YES;
				CLANG_WARN_NON_LITERAL_NULL_CONVERSION = YES;
				CLANG_WARN_OBJC_IMPLICIT_RETAIN_SELF = YES;
				CLANG_WARN_OBJC_LITERAL_CONVERSION = YES;
				CLANG_WARN_OBJC_ROOT_CLASS = YES_ERROR;
				CLANG_WARN_QUOTED_INCLUDE_IN_FRAMEWORK_HEADER = YES;
				CLANG_WARN_RANGE_LOOP_ANALYSIS = YES;
				CLANG_WARN_STRICT_PROTOTYPES = YES;
				CLANG_WARN_SUSPICIOUS_MOVE = YES;
				CLANG_WARN_UNGUARDED_AVAILABILITY = YES_AGGRESSIVE;
				CLANG_WARN_UNREACHABLE_CODE = YES;
				CLANG_WARN__DUPLICATE_METHOD_MATCH = YES;
				COPY_PHASE_STRIP = NO;
				DEBUG_INFORMATION_FORMAT = "dwarf-with-dsym";
				ENABLE_NS_ASSERTIONS = NO;
				ENABLE_STRICT_OBJC_MSGSEND = YES;
				ENABLE_USER_SCRIPT_SANDBOXING = YES;
				GCC_C_LANGUAGE_STANDARD = gnu17;
				GCC_NO_COMMON_BLOCKS = YES;
				GCC_WARN_64_TO_32_BIT_CONVERSION = YES;
				GCC_WARN_ABOUT_RETURN_TYPE = YES_ERROR;
				GCC_WARN_UNDECLARED_SELECTOR = YES;
				GCC_WARN_UNINITIALIZED_AUTOS = YES_AGGRESSIVE;
				GCC_WARN_UNUSED_FUNCTION = YES;
				GCC_WARN_UNUSED_VARIABLE = YES;
				IPHONEOS_DEPLOYMENT_TARGET = 18.4;
				LOCALIZATION_PREFERS_STRING_CATALOGS = YES;
				MTL_ENABLE_DEBUG_INFO = NO;
				MTL_FAST_MATH = YES;
				SDKROOT = iphoneos;
				SWIFT_COMPILATION_MODE = wholemodule;
				VALIDATE_PRODUCT = YES;
			};
			name = Release;
		};
		80BE347A2DC94B780052B7A0 /* Debug */ = {
			isa = XCBuildConfiguration;
			buildSettings = {
				ASSETCATALOG_COMPILER_APPICON_NAME = AppIcon;
				ASSETCATALOG_COMPILER_GLOBAL_ACCENT_COLOR_NAME = AccentColor;
				CODE_SIGN_STYLE = Automatic;
				CURRENT_PROJECT_VERSION = 1;
				ENABLE_PREVIEWS = YES;
				GENERATE_INFOPLIST_FILE = YES;
				INFOPLIST_KEY_UIApplicationSceneManifest_Generation = YES;
				INFOPLIST_KEY_UIApplicationSupportsIndirectInputEvents = YES;
				INFOPLIST_KEY_UILaunchScreen_Generation = YES;
				INFOPLIST_KEY_UISupportedInterfaceOrientations_iPad = "UIInterfaceOrientationPortrait UIInterfaceOrientationPortraitUpsideDown UIInterfaceOrientationLandscapeLeft UIInterfaceOrientationLandscapeRight";
				INFOPLIST_KEY_UISupportedInterfaceOrientations_iPhone = "UIInterfaceOrientationPortrait UIInterfaceOrientationLandscapeLeft UIInterfaceOrientationLandscapeRight";
				LD_RUNPATH_SEARCH_PATHS = (
					"$(inherited)",
					"@executable_path/Frameworks",
				);
				MARKETING_VERSION = 1.0;
				PRODUCT_BUNDLE_IDENTIFIER = name.brunohart.LetterboxdDesignIdea;
				PRODUCT_NAME = "$(TARGET_NAME)";
				SWIFT_EMIT_LOC_STRINGS = YES;
				SWIFT_VERSION = 5.0;
				TARGETED_DEVICE_FAMILY = "1,2";
			};
			name = Debug;
		};
		80BE347B2DC94B780052B7A0 /* Release */ = {
			isa = XCBuildConfiguration;
			buildSettings = {
				ASSETCATALOG_COMPILER_APPICON_NAME = AppIcon;
				ASSETCATALOG_COMPILER_GLOBAL_ACCENT_COLOR_NAME = AccentColor;
				CODE_SIGN_STYLE = Automatic;
				CURRENT_PROJECT_VERSION = 1;
				ENABLE_PREVIEWS = YES;
				GENERATE_INFOPLIST_FILE = YES;
				INFOPLIST_KEY_UIApplicationSceneManifest_Generation = YES;
				INFOPLIST_KEY_UIApplicationSupportsIndirectInputEvents = YES;
				INFOPLIST_KEY_UILaunchScreen_Generation = YES;
				INFOPLIST_KEY_UISupportedInterfaceOrientations_iPad = "UIInterfaceOrientationPortrait UIInterfaceOrientationPortraitUpsideDown UIInterfaceOrientationLandscapeLeft UIInterfaceOrientationLandscapeRight";
				INFOPLIST_KEY_UISupportedInterfaceOrientations_iPhone = "UIInterfaceOrientationPortrait UIInterfaceOrientationLandscapeLeft UIInterfaceOrientationLandscapeRight";
				LD_RUNPATH_SEARCH_PATHS = (
					"$(inherited)",
					"@executable_path/Frameworks",
				);
				MARKETING_VERSION = 1.0;
				PRODUCT_BUNDLE_IDENTIFIER = name.brunohart.LetterboxdDesignIdea;
				PRODUCT_NAME = "$(TARGET_NAME)";
				SWIFT_EMIT_LOC_STRINGS = YES;
				SWIFT_VERSION = 5.0;
				TARGETED_DEVICE_FAMILY = "1,2";
			};
			name = Release;
		};
		80BE347D2DC94B780052B7A0 /* Debug */ = {
			isa = XCBuildConfiguration;
			buildSettings = {
				BUNDLE_LOADER = "$(TEST_HOST)";
				CODE_SIGN_STYLE = Automatic;
				CURRENT_PROJECT_VERSION = 1;
				GENERATE_INFOPLIST_FILE = YES;
				IPHONEOS_DEPLOYMENT_TARGET = 18.4;
				MARKETING_VERSION = 1.0;
				PRODUCT_BUNDLE_IDENTIFIER = name.brunohart.LetterboxdDesignIdeaTests;
				PRODUCT_NAME = "$(TARGET_NAME)";
				SWIFT_EMIT_LOC_STRINGS = NO;
				SWIFT_VERSION = 5.0;
				TARGETED_DEVICE_FAMILY = "1,2";
				TEST_HOST = "$(BUILT_PRODUCTS_DIR)/LetterboxdDesignIdea.app/$(BUNDLE_EXECUTABLE_FOLDER_PATH)/LetterboxdDesignIdea";
			};
			name = Debug;
		};
		80BE347E2DC94B780052B7A0 /* Release */ = {
			isa = XCBuildConfiguration;
			buildSettings = {
				BUNDLE_LOADER = "$(TEST_HOST)";
				CODE_SIGN_STYLE = Automatic;
				CURRENT_PROJECT_VERSION = 1;
				GENERATE_INFOPLIST_FILE = YES;
				IPHONEOS_DEPLOYMENT_TARGET = 18.4;
				MARKETING_VERSION = 1.0;
				PRODUCT_BUNDLE_IDENTIFIER = name.brunohart.LetterboxdDesignIdeaTests;
				PRODUCT_NAME = "$(TARGET_NAME)";
				SWIFT_EMIT_LOC_STRINGS = NO;
				SWIFT_VERSION = 5.0;
				TARGETED_DEVICE_FAMILY = "1,2";
				TEST_HOST = "$(BUILT_PRODUCTS_DIR)/LetterboxdDesignIdea.app/$(BUNDLE_EXECUTABLE_FOLDER_PATH)/LetterboxdDesignIdea";
			};
			name = Release;
		};
		80BE34802DC94B780052B7A0 /* Debug */ = {
			isa = XCBuildConfiguration;
			buildSettings = {
				CODE_SIGN_STYLE = Automatic;
				CURRENT_PROJECT_VERSION = 1;
				GENERATE_INFOPLIST_FILE = YES;
				MARKETING_VERSION = 1.0;
				PRODUCT_BUNDLE_IDENTIFIER = name.brunohart.LetterboxdDesignIdeaUITests;
				PRODUCT_NAME = "$(TARGET_NAME)";
				SWIFT_EMIT_LOC_STRINGS = NO;
				SWIFT_VERSION = 5.0;
				TARGETED_DEVICE_FAMILY = "1,2";
				TEST_TARGET_NAME = LetterboxdDesignIdea;
			};
			name = Debug;
		};
		80BE34812DC94B780052B7A0 /* Release */ = {
			isa = XCBuildConfiguration;
			buildSettings = {
				CODE_SIGN_STYLE = Automatic;
				CURRENT_PROJECT_VERSION = 1;
				GENERATE_INFOPLIST_FILE = YES;
				MARKETING_VERSION = 1.0;
				PRODUCT_BUNDLE_IDENTIFIER = name.brunohart.LetterboxdDesignIdeaUITests;
				PRODUCT_NAME = "$(TARGET_NAME)";
				SWIFT_EMIT_LOC_STRINGS = NO;
				SWIFT_VERSION = 5.0;
				TARGETED_DEVICE_FAMILY = "1,2";
				TEST_TARGET_NAME = LetterboxdDesignIdea;
			};
			name = Release;
		};
/* End XCBuildConfiguration section */

/* Begin XCConfigurationList section */
		80BE34532DC94B760052B7A0 /* Build configuration list for PBXProject "LetterboxdDesignIdea" */ = {
			isa = XCConfigurationList;
			buildConfigurations = (
				80BE34772DC94B780052B7A0 /* Debug */,
				80BE34782DC94B780052B7A0 /* Release */,
			);
			defaultConfigurationIsVisible = 0;
			defaultConfigurationName = Release;
		};
		80BE34792DC94B780052B7A0 /* Build configuration list for PBXNativeTarget "LetterboxdDesignIdea" */ = {
			isa = XCConfigurationList;
			buildConfigurations = (
				80BE347A2DC94B780052B7A0 /* Debug */,
				80BE347B2DC94B780052B7A0 /* Release */,
			);
			defaultConfigurationIsVisible = 0;
			defaultConfigurationName = Release;
		};
		80BE347C2DC94B780052B7A0 /* Build configuration list for PBXNativeTarget "LetterboxdDesignIdeaTests" */ = {
			isa = XCConfigurationList;
			buildConfigurations = (
				80BE347D2DC94B780052B7A0 /* Debug */,
				80BE347E2DC94B780052B7A0 /* Release */,
			);
			defaultConfigurationIsVisible = 0;
			defaultConfigurationName = Release;
		};
		80BE347F2DC94B780052B7A0 /* Build configuration list for PBXNativeTarget "LetterboxdDesignIdeaUITests" */ = {
			isa = XCConfigurationList;
			buildConfigurations = (
				80BE34802DC94B780052B7A0 /* Debug */,
				80BE34812DC94B780052B7A0 /* Release */,
			);
			defaultConfigurationIsVisible = 0;
			defaultConfigurationName = Release;
		};
/* End XCConfigurationList section */
	};
	rootObject = 80BE34502DC94B760052B7A0 /* Project object */;
}
